<?xml version="1.0" encoding="utf-8"?>
<Project ToolsVersion="4.0" xmlns="http://schemas.microsoft.com/developer/msbuild/2003">
  <ItemGroup>
    <Filter Include="Resource Files">
      <UniqueIdentifier>{67DA6AB6-F800-4c08-8B7A-83BB121AAD01}</UniqueIdentifier>
      <Extensions>rc;ico;cur;bmp;dlg;rc2;rct;bin;rgs;gif;jpg;jpeg;jpe;resx;tiff;tif;png;wav;mfcribbon-ms</Extensions>
    </Filter>
    <Filter Include="application">
      <UniqueIdentifier>{8be56cfd-25f3-4e11-a2a9-517dc708d9e8}</UniqueIdentifier>
    </Filter>
    <Filter Include="application\impl">
      <UniqueIdentifier>{3d22700f-947a-4c47-a98e-c58eeef231b8}</UniqueIdentifier>
    </Filter>
    <Filter Include="utility">
      <UniqueIdentifier>{811970e0-03dd-4faf-9b2d-d9421328c38d}</UniqueIdentifier>
    </Filter>
    <Filter Include="test">
      <UniqueIdentifier>{4606fcbf-46e5-4ddc-ac84-2cc2652f67ef}</UniqueIdentifier>
    </Filter>
    <Filter Include="utility\impl">
      <UniqueIdentifier>{ea34148e-c179-4a59-91c1-d1a165498389}</UniqueIdentifier>
    </Filter>
    <Filter Include="utility\profile">
      <UniqueIdentifier>{8b44e009-749b-4f36-82a5-3f17d680aa6f}</UniqueIdentifier>
    </Filter>
    <Filter Include="utility\profile\impl">
      <UniqueIdentifier>{d34f0cff-caf9-4b02-942c-f9bb4e0ea3b4}</UniqueIdentifier>
    </Filter>
    <Filter Include="resource">
      <UniqueIdentifier>{a490ab84-d58a-4be4-90f5-74fe53836ba3}</UniqueIdentifier>
    </Filter>
    <Filter Include="utility\container">
      <UniqueIdentifier>{e9384396-db7f-47b8-8d6b-c91a574b3354}</UniqueIdentifier>
    </Filter>
    <Filter Include="utility\container\impl">
      <UniqueIdentifier>{5814475b-c9b8-45d2-a3fd-16076e87b871}</UniqueIdentifier>
    </Filter>
    <Filter Include="render">
      <UniqueIdentifier>{28d6c565-ce99-4162-94ff-59f90fab9e03}</UniqueIdentifier>
    </Filter>
    <Filter Include="vendor">
      <UniqueIdentifier>{cf296f58-8c4a-414e-b081-5db71807c74f}</UniqueIdentifier>
    </Filter>
    <Filter Include="vendor\glm">
      <UniqueIdentifier>{0f3a2929-6a0e-483a-b6c4-bf906fb5c639}</UniqueIdentifier>
    </Filter>
    <Filter Include="vendor\glm\gtc">
      <UniqueIdentifier>{2bdc6ccc-9e8a-4a9d-9910-67aa708b6f33}</UniqueIdentifier>
    </Filter>
    <Filter Include="vendor\glm\gtx">
      <UniqueIdentifier>{612571c2-107e-4033-b49b-b29894cc97a5}</UniqueIdentifier>
    </Filter>
    <Filter Include="render\texture">
      <UniqueIdentifier>{23b3a74c-b360-47ac-a3f3-e0b96b21af44}</UniqueIdentifier>
    </Filter>
    <Filter Include="render\texture\impl">
      <UniqueIdentifier>{bd0e6809-4769-4731-a988-e35753d7667a}</UniqueIdentifier>
    </Filter>
    <Filter Include="render\font">
      <UniqueIdentifier>{af031da3-8eaf-449e-b3d3-2e0079866e2c}</UniqueIdentifier>
    </Filter>
    <Filter Include="resource\impl">
      <UniqueIdentifier>{e4f55fb2-5e6b-4ce2-9587-5a4b73899f14}</UniqueIdentifier>
    </Filter>
    <Filter Include="render\model">
      <UniqueIdentifier>{66e5010d-df90-4c1b-9cd0-a2dadaf3d582}</UniqueIdentifier>
    </Filter>
    <Filter Include="render\model\impl">
      <UniqueIdentifier>{bdb36f0f-6021-4e36-a941-fbba5022f531}</UniqueIdentifier>
    </Filter>
    <Filter Include="render\geometry">
      <UniqueIdentifier>{1871098a-1b4f-44bf-9cc7-81608af959f4}</UniqueIdentifier>
    </Filter>
    <Filter Include="render\geometry\impl">
      <UniqueIdentifier>{7db1d90b-8922-4d36-910b-efcdfdfa9384}</UniqueIdentifier>
    </Filter>
    <Filter Include="script">
      <UniqueIdentifier>{14f9fdcd-491c-4798-a451-019f36aa19ad}</UniqueIdentifier>
    </Filter>
    <Filter Include="script\impl">
      <UniqueIdentifier>{69c89ac6-e19c-4c9e-a503-bb49942e1068}</UniqueIdentifier>
    </Filter>
    <Filter Include="render\shaders">
      <UniqueIdentifier>{cd659f42-7515-4d1c-b4bc-f095cdb68b19}</UniqueIdentifier>
    </Filter>
    <Filter Include="render\shaders\atmosphere">
      <UniqueIdentifier>{2f839030-72cc-4146-9eb1-cdb583b8f2dc}</UniqueIdentifier>
    </Filter>
    <Filter Include="entity">
      <UniqueIdentifier>{6d7e4970-d31b-403f-a97d-850df55be125}</UniqueIdentifier>
    </Filter>
    <Filter Include="entity\impl">
      <UniqueIdentifier>{4eadde8f-4ea1-457a-8706-7d3e88e0a766}</UniqueIdentifier>
    </Filter>
    <Filter Include="lua">
      <UniqueIdentifier>{6a97ee42-30e5-4896-b9c9-687245058f2a}</UniqueIdentifier>
    </Filter>
    <Filter Include="config">
      <UniqueIdentifier>{ea140d19-72ac-425a-9aff-44daed025a5a}</UniqueIdentifier>
    </Filter>
    <Filter Include="api">
      <UniqueIdentifier>{6adc130d-2f50-469f-a577-061e4077c1ff}</UniqueIdentifier>
    </Filter>
    <Filter Include="scene">
      <UniqueIdentifier>{bab61f5f-d64a-4106-a75e-7048d5d96d52}</UniqueIdentifier>
    </Filter>
    <Filter Include="scene\impl">
      <UniqueIdentifier>{05a566d5-a0c8-4859-84be-ded9714927a7}</UniqueIdentifier>
    </Filter>
    <Filter Include="lua\tools">
      <UniqueIdentifier>{de7ae16e-07dd-4c5b-ab09-1fdaef133f4d}</UniqueIdentifier>
    </Filter>
    <Filter Include="tools">
      <UniqueIdentifier>{6ad7bb7c-9043-4b82-932f-7192260a802a}</UniqueIdentifier>
    </Filter>
    <Filter Include="tools\impl">
      <UniqueIdentifier>{243aedb8-d182-4295-a929-37ebda6bc0cc}</UniqueIdentifier>
    </Filter>
    <Filter Include="lua\extension">
      <UniqueIdentifier>{05761171-2ac7-4b16-99d5-7ae7dbda35d4}</UniqueIdentifier>
    </Filter>
    <Filter Include="lua\extension\copas">
      <UniqueIdentifier>{19b7b3a6-5244-444e-b9c2-74f182816aa1}</UniqueIdentifier>
    </Filter>
    <Filter Include="lua\extension\xavante">
      <UniqueIdentifier>{037f5e6a-689b-4b69-8267-c4e28e93f782}</UniqueIdentifier>
    </Filter>
    <Filter Include="lua\extension\socket">
      <UniqueIdentifier>{bce892ff-656c-44cc-a8ea-06f2fcb0d964}</UniqueIdentifier>
    </Filter>
    <Filter Include="lua\tools\web">
      <UniqueIdentifier>{e63c98a5-64fe-4ba9-bd45-327c6314c647}</UniqueIdentifier>
    </Filter>
    <Filter Include="lua\extension\wsapi">
      <UniqueIdentifier>{74f91dd7-a25a-4406-99c8-0e8e88b677d2}</UniqueIdentifier>
    </Filter>
    <Filter Include="data">
      <UniqueIdentifier>{31851743-d8ee-4029-9047-6b7203975961}</UniqueIdentifier>
    </Filter>
    <Filter Include="lua\game">
      <UniqueIdentifier>{b1e7231f-d1bf-41d5-86f8-dc4ddd20827e}</UniqueIdentifier>
    </Filter>
    <Filter Include="input">
      <UniqueIdentifier>{6756af22-d6a9-4877-80fc-db29fd720c71}</UniqueIdentifier>
    </Filter>
    <Filter Include="input\impl">
      <UniqueIdentifier>{cdd967b2-70c3-4509-98b3-6dc6266d0c25}</UniqueIdentifier>
    </Filter>
    <Filter Include="game">
      <UniqueIdentifier>{6f151efc-6811-4585-9591-9d9b62e4ceef}</UniqueIdentifier>
    </Filter>
    <Filter Include="game\impl">
      <UniqueIdentifier>{c7731a45-b9f2-4dfb-a4a4-6bf109f34717}</UniqueIdentifier>
    </Filter>
    <Filter Include="game\devCamera">
      <UniqueIdentifier>{23750c11-f802-4a6d-b272-2dc41aa577a6}</UniqueIdentifier>
    </Filter>
    <Filter Include="game\player">
      <UniqueIdentifier>{c18303bc-98e5-45a6-a6b7-b748d97eb2cb}</UniqueIdentifier>
    </Filter>
    <Filter Include="render\system">
      <UniqueIdentifier>{2907b4a8-c293-4c4e-a816-02676ca177e4}</UniqueIdentifier>
    </Filter>
    <Filter Include="render\system\impl">
      <UniqueIdentifier>{f7ea8796-9ecd-42e7-b442-89d192fe733c}</UniqueIdentifier>
    </Filter>
    <Filter Include="game\sky">
      <UniqueIdentifier>{eca12828-3246-4413-8d5e-54d8e6002484}</UniqueIdentifier>
    </Filter>
  </ItemGroup>
  <ItemGroup>
    <ClCompile Include="source\application\main.cpp">
      <Filter>application</Filter>
    </ClCompile>
    <ClCompile Include="source\application\impl\Timer_win32.cpp">
      <Filter>application\impl</Filter>
    </ClCompile>
    <ClCompile Include="source\utility\profile\impl\Profile.cpp">
      <Filter>utility\profile\impl</Filter>
    </ClCompile>
    <ClCompile Include="source\application\impl\platform.cpp">
      <Filter>application\impl</Filter>
    </ClCompile>
    <ClCompile Include="source\render\font\FreeType.cpp">
      <Filter>render\font</Filter>
    </ClCompile>
    <ClCompile Include="source\resource\impl\ResourceSource.cpp">
      <Filter>resource\impl</Filter>
    </ClCompile>
    <ClCompile Include="source\resource\impl\ResourceCache.cpp">
      <Filter>resource\impl</Filter>
    </ClCompile>
    <ClCompile Include="source\render\texture\impl\Texture2D_GL.cpp">
      <Filter>render\texture\impl</Filter>
    </ClCompile>
    <ClCompile Include="source\resource\impl\ResourceLoader.cpp">
      <Filter>resource\impl</Filter>
    </ClCompile>
    <ClCompile Include="source\resource\impl\ResourceLoader-inl.h">
      <Filter>resource\impl</Filter>
    </ClCompile>
    <ClCompile Include="source\render\model\impl\ModelImport_Assimp.cpp">
      <Filter>render\model\impl</Filter>
    </ClCompile>
    <ClCompile Include="source\render\impl\VertexBuffer_GL.cpp">
      <Filter>render\system\impl</Filter>
    </ClCompile>
    <ClCompile Include="source\render\model\impl\Mesh_GL.cpp">
      <Filter>render\model\impl</Filter>
    </ClCompile>
    <ClCompile Include="source\render\impl\IndexBuffer_GL.cpp">
      <Filter>render\system\impl</Filter>
    </ClCompile>
    <ClCompile Include="source\render\impl\Render.cpp">
      <Filter>render\system\impl</Filter>
    </ClCompile>
    <ClCompile Include="source\render\impl\ShaderProgram_GL.cpp">
      <Filter>render\system\impl</Filter>
    </ClCompile>
    <ClCompile Include="source\render\geometry\impl\Cube.cpp">
      <Filter>render\geometry\impl</Filter>
    </ClCompile>
    <ClCompile Include="source\script\impl\ScriptManager_LuaJIT.cpp">
      <Filter>script\impl</Filter>
    </ClCompile>
    <ClCompile Include="source\render\geometry\impl\Geometry.cpp">
      <Filter>render\geometry\impl</Filter>
    </ClCompile>
    <ClCompile Include="source\render\impl\RenderTarget_GL.cpp">
      <Filter>render\system\impl</Filter>
    </ClCompile>
    <ClCompile Include="source\entity\impl\Component.cpp">
      <Filter>entity\impl</Filter>
    </ClCompile>
    <ClCompile Include="source\entity\impl\Entity.cpp">
      <Filter>entity\impl</Filter>
    </ClCompile>
    <ClCompile Include="source\application\impl\Engine.cpp">
      <Filter>application\impl</Filter>
    </ClCompile>
    <ClCompile Include="source\tools\impl\GriffinTools.cpp">
      <Filter>tools\impl</Filter>
    </ClCompile>
    <ClCompile Include="source\scene\impl\Scene.cpp">
      <Filter>scene\impl</Filter>
    </ClCompile>
    <ClCompile Include="source\entity\impl\EntityManager.cpp">
      <Filter>entity\impl</Filter>
    </ClCompile>
    <ClCompile Include="source\scene\impl\SceneGraph.cpp">
      <Filter>scene\impl</Filter>
    </ClCompile>
    <ClCompile Include="source\scene\impl\SceneApi.cpp">
      <Filter>scene\impl</Filter>
    </ClCompile>
    <ClCompile Include="source\tools\impl\GriffinToolsApi.cpp">
      <Filter>tools\impl</Filter>
    </ClCompile>
    <ClCompile Include="source\input\impl\InputSystem.cpp">
      <Filter>input\impl</Filter>
    </ClCompile>
    <ClCompile Include="source\input\impl\InputSystemApi.cpp">
      <Filter>input\impl</Filter>
    </ClCompile>
    <ClCompile Include="source\game\impl\Game.cpp">
      <Filter>game\impl</Filter>
    </ClCompile>
    <ClCompile Include="source\scene\impl\Camera.cpp">
      <Filter>scene\impl</Filter>
    </ClCompile>
    <ClCompile Include="source\game\devCamera\DevCameraSystem.cpp">
      <Filter>game\devCamera</Filter>
    </ClCompile>
    <ClCompile Include="source\game\player\PlayerControlSystem.cpp">
      <Filter>game\player</Filter>
    </ClCompile>
    <ClCompile Include="source\render\texture\dds.cpp">
      <Filter>render\texture\impl</Filter>
    </ClCompile>
    <ClCompile Include="source\render\impl\ShaderManager_GL.cpp">
      <Filter>render\system\impl</Filter>
    </ClCompile>
    <ClCompile Include="source\render\geometry\impl\Intersection.cpp">
      <Filter>render\geometry\impl</Filter>
    </ClCompile>
    <ClCompile Include="source\render\model\impl\Animation.cpp">
      <Filter>render\model\impl</Filter>
    </ClCompile>
    <ClCompile Include="source\render\impl\ModelManager_GL.cpp">
      <Filter>render\system\impl</Filter>
    </ClCompile>
    <ClCompile Include="source\render\texture\impl\TextureCubeMap_GL.cpp">
      <Filter>render\texture\impl</Filter>
    </ClCompile>
    <ClCompile Include="source\game\sky\SkySystem.cpp">
      <Filter>game\sky</Filter>
    </ClCompile>
    <ClCompile Include="source\render\impl\RenderHelpers.cpp">
      <Filter>render\system\impl</Filter>
    </ClCompile>
  </ItemGroup>
  <ItemGroup>
    <ClInclude Include="source\application\main.h">
      <Filter>application</Filter>
    </ClInclude>
    <ClInclude Include="source\utility\enum.h">
      <Filter>utility</Filter>
    </ClInclude>
    <ClInclude Include="source\utility\reflection.h">
      <Filter>utility</Filter>
    </ClInclude>
    <ClInclude Include="source\utility\algorithms.h">
      <Filter>utility</Filter>
    </ClInclude>
    <ClInclude Include="source\utility\concurrency.h">
      <Filter>utility</Filter>
    </ClInclude>
    <ClInclude Include="source\utility\JsonSerializer.h">
      <Filter>utility</Filter>
    </ClInclude>
    <ClInclude Include="source\utility\prettyprint.h">
      <Filter>utility</Filter>
    </ClInclude>
    <ClInclude Include="source\application\Timer.h">
      <Filter>application</Filter>
    </ClInclude>
    <ClInclude Include="source\test\Test.h">
      <Filter>test</Filter>
    </ClInclude>
    <ClInclude Include="source\utility\auto_lister.h">
      <Filter>utility</Filter>
    </ClInclude>
    <ClInclude Include="source\utility\profile\Profile.h">
      <Filter>utility\profile</Filter>
    </ClInclude>
    <ClInclude Include="source\utility\profile\ProfileAggregate.h">
      <Filter>utility\profile</Filter>
    </ClInclude>
    <ClInclude Include="source\application\platform.h">
      <Filter>application</Filter>
    </ClInclude>
    <ClInclude Include="source\application\FixedTimestep.h">
      <Filter>application</Filter>
    </ClInclude>
    <ClInclude Include="source\utility\container\vector_queue.h">
      <Filter>utility\container</Filter>
    </ClInclude>
    <ClInclude Include="source\utility\container\concurrent_queue.h">
      <Filter>utility\container</Filter>
    </ClInclude>
    <ClInclude Include="vendor\glm\glm\common.hpp">
      <Filter>vendor\glm</Filter>
    </ClInclude>
    <ClInclude Include="vendor\glm\glm\exponential.hpp">
      <Filter>vendor\glm</Filter>
    </ClInclude>
    <ClInclude Include="vendor\glm\glm\ext.hpp">
      <Filter>vendor\glm</Filter>
    </ClInclude>
    <ClInclude Include="vendor\glm\glm\fwd.hpp">
      <Filter>vendor\glm</Filter>
    </ClInclude>
    <ClInclude Include="vendor\glm\glm\geometric.hpp">
      <Filter>vendor\glm</Filter>
    </ClInclude>
    <ClInclude Include="vendor\glm\glm\glm.hpp">
      <Filter>vendor\glm</Filter>
    </ClInclude>
    <ClInclude Include="vendor\glm\glm\integer.hpp">
      <Filter>vendor\glm</Filter>
    </ClInclude>
    <ClInclude Include="vendor\glm\glm\mat2x2.hpp">
      <Filter>vendor\glm</Filter>
    </ClInclude>
    <ClInclude Include="vendor\glm\glm\mat2x3.hpp">
      <Filter>vendor\glm</Filter>
    </ClInclude>
    <ClInclude Include="vendor\glm\glm\mat2x4.hpp">
      <Filter>vendor\glm</Filter>
    </ClInclude>
    <ClInclude Include="vendor\glm\glm\mat3x2.hpp">
      <Filter>vendor\glm</Filter>
    </ClInclude>
    <ClInclude Include="vendor\glm\glm\mat3x3.hpp">
      <Filter>vendor\glm</Filter>
    </ClInclude>
    <ClInclude Include="vendor\glm\glm\mat3x4.hpp">
      <Filter>vendor\glm</Filter>
    </ClInclude>
    <ClInclude Include="vendor\glm\glm\mat4x2.hpp">
      <Filter>vendor\glm</Filter>
    </ClInclude>
    <ClInclude Include="vendor\glm\glm\mat4x3.hpp">
      <Filter>vendor\glm</Filter>
    </ClInclude>
    <ClInclude Include="vendor\glm\glm\mat4x4.hpp">
      <Filter>vendor\glm</Filter>
    </ClInclude>
    <ClInclude Include="vendor\glm\glm\matrix.hpp">
      <Filter>vendor\glm</Filter>
    </ClInclude>
    <ClInclude Include="vendor\glm\glm\packing.hpp">
      <Filter>vendor\glm</Filter>
    </ClInclude>
    <ClInclude Include="vendor\glm\glm\trigonometric.hpp">
      <Filter>vendor\glm</Filter>
    </ClInclude>
    <ClInclude Include="vendor\glm\glm\vec2.hpp">
      <Filter>vendor\glm</Filter>
    </ClInclude>
    <ClInclude Include="vendor\glm\glm\vec3.hpp">
      <Filter>vendor\glm</Filter>
    </ClInclude>
    <ClInclude Include="vendor\glm\glm\vec4.hpp">
      <Filter>vendor\glm</Filter>
    </ClInclude>
    <ClInclude Include="vendor\glm\glm\vector_relational.hpp">
      <Filter>vendor\glm</Filter>
    </ClInclude>
    <ClInclude Include="vendor\glm\glm\gtc\constants.hpp">
      <Filter>vendor\glm\gtc</Filter>
    </ClInclude>
    <ClInclude Include="vendor\glm\glm\gtc\epsilon.hpp">
      <Filter>vendor\glm\gtc</Filter>
    </ClInclude>
    <ClInclude Include="vendor\glm\glm\gtc\matrix_access.hpp">
      <Filter>vendor\glm\gtc</Filter>
    </ClInclude>
    <ClInclude Include="vendor\glm\glm\gtc\matrix_integer.hpp">
      <Filter>vendor\glm\gtc</Filter>
    </ClInclude>
    <ClInclude Include="vendor\glm\glm\gtc\matrix_inverse.hpp">
      <Filter>vendor\glm\gtc</Filter>
    </ClInclude>
    <ClInclude Include="vendor\glm\glm\gtc\matrix_transform.hpp">
      <Filter>vendor\glm\gtc</Filter>
    </ClInclude>
    <ClInclude Include="vendor\glm\glm\gtc\noise.hpp">
      <Filter>vendor\glm\gtc</Filter>
    </ClInclude>
    <ClInclude Include="vendor\glm\glm\gtc\packing.hpp">
      <Filter>vendor\glm\gtc</Filter>
    </ClInclude>
    <ClInclude Include="vendor\glm\glm\gtc\quaternion.hpp">
      <Filter>vendor\glm\gtc</Filter>
    </ClInclude>
    <ClInclude Include="vendor\glm\glm\gtc\random.hpp">
      <Filter>vendor\glm\gtc</Filter>
    </ClInclude>
    <ClInclude Include="vendor\glm\glm\gtc\reciprocal.hpp">
      <Filter>vendor\glm\gtc</Filter>
    </ClInclude>
    <ClInclude Include="vendor\glm\glm\gtc\type_precision.hpp">
      <Filter>vendor\glm\gtc</Filter>
    </ClInclude>
    <ClInclude Include="vendor\glm\glm\gtc\type_ptr.hpp">
      <Filter>vendor\glm\gtc</Filter>
    </ClInclude>
    <ClInclude Include="vendor\glm\glm\gtc\ulp.hpp">
      <Filter>vendor\glm\gtc</Filter>
    </ClInclude>
    <ClInclude Include="vendor\glm\glm\gtx\associated_min_max.hpp">
      <Filter>vendor\glm\gtx</Filter>
    </ClInclude>
    <ClInclude Include="vendor\glm\glm\gtx\bit.hpp">
      <Filter>vendor\glm\gtx</Filter>
    </ClInclude>
    <ClInclude Include="vendor\glm\glm\gtx\closest_point.hpp">
      <Filter>vendor\glm\gtx</Filter>
    </ClInclude>
    <ClInclude Include="vendor\glm\glm\gtx\color_space.hpp">
      <Filter>vendor\glm\gtx</Filter>
    </ClInclude>
    <ClInclude Include="vendor\glm\glm\gtx\color_space_YCoCg.hpp">
      <Filter>vendor\glm\gtx</Filter>
    </ClInclude>
    <ClInclude Include="vendor\glm\glm\gtx\compatibility.hpp">
      <Filter>vendor\glm\gtx</Filter>
    </ClInclude>
    <ClInclude Include="vendor\glm\glm\gtx\component_wise.hpp">
      <Filter>vendor\glm\gtx</Filter>
    </ClInclude>
    <ClInclude Include="vendor\glm\glm\gtx\constants.hpp">
      <Filter>vendor\glm\gtx</Filter>
    </ClInclude>
    <ClInclude Include="vendor\glm\glm\gtx\dual_quaternion.hpp">
      <Filter>vendor\glm\gtx</Filter>
    </ClInclude>
    <ClInclude Include="vendor\glm\glm\gtx\epsilon.hpp">
      <Filter>vendor\glm\gtx</Filter>
    </ClInclude>
    <ClInclude Include="vendor\glm\glm\gtx\euler_angles.hpp">
      <Filter>vendor\glm\gtx</Filter>
    </ClInclude>
    <ClInclude Include="vendor\glm\glm\gtx\extend.hpp">
      <Filter>vendor\glm\gtx</Filter>
    </ClInclude>
    <ClInclude Include="vendor\glm\glm\gtx\extented_min_max.hpp">
      <Filter>vendor\glm\gtx</Filter>
    </ClInclude>
    <ClInclude Include="vendor\glm\glm\gtx\fast_exponential.hpp">
      <Filter>vendor\glm\gtx</Filter>
    </ClInclude>
    <ClInclude Include="vendor\glm\glm\gtx\fast_square_root.hpp">
      <Filter>vendor\glm\gtx</Filter>
    </ClInclude>
    <ClInclude Include="vendor\glm\glm\gtx\fast_trigonometry.hpp">
      <Filter>vendor\glm\gtx</Filter>
    </ClInclude>
    <ClInclude Include="vendor\glm\glm\gtx\gradient_paint.hpp">
      <Filter>vendor\glm\gtx</Filter>
    </ClInclude>
    <ClInclude Include="vendor\glm\glm\gtx\handed_coordinate_space.hpp">
      <Filter>vendor\glm\gtx</Filter>
    </ClInclude>
    <ClInclude Include="vendor\glm\glm\gtx\inertia.hpp">
      <Filter>vendor\glm\gtx</Filter>
    </ClInclude>
    <ClInclude Include="vendor\glm\glm\gtx\int_10_10_10_2.hpp">
      <Filter>vendor\glm\gtx</Filter>
    </ClInclude>
    <ClInclude Include="vendor\glm\glm\gtx\integer.hpp">
      <Filter>vendor\glm\gtx</Filter>
    </ClInclude>
    <ClInclude Include="vendor\glm\glm\gtx\intersect.hpp">
      <Filter>vendor\glm\gtx</Filter>
    </ClInclude>
    <ClInclude Include="vendor\glm\glm\gtx\io.hpp">
      <Filter>vendor\glm\gtx</Filter>
    </ClInclude>
    <ClInclude Include="vendor\glm\glm\gtx\log_base.hpp">
      <Filter>vendor\glm\gtx</Filter>
    </ClInclude>
    <ClInclude Include="vendor\glm\glm\gtx\matrix_cross_product.hpp">
      <Filter>vendor\glm\gtx</Filter>
    </ClInclude>
    <ClInclude Include="vendor\glm\glm\gtx\matrix_interpolation.hpp">
      <Filter>vendor\glm\gtx</Filter>
    </ClInclude>
    <ClInclude Include="vendor\glm\glm\gtx\matrix_major_storage.hpp">
      <Filter>vendor\glm\gtx</Filter>
    </ClInclude>
    <ClInclude Include="vendor\glm\glm\gtx\matrix_operation.hpp">
      <Filter>vendor\glm\gtx</Filter>
    </ClInclude>
    <ClInclude Include="vendor\glm\glm\gtx\matrix_query.hpp">
      <Filter>vendor\glm\gtx</Filter>
    </ClInclude>
    <ClInclude Include="vendor\glm\glm\gtx\matrix_transform_2d.hpp">
      <Filter>vendor\glm\gtx</Filter>
    </ClInclude>
    <ClInclude Include="vendor\glm\glm\gtx\mixed_product.hpp">
      <Filter>vendor\glm\gtx</Filter>
    </ClInclude>
    <ClInclude Include="vendor\glm\glm\gtx\multiple.hpp">
      <Filter>vendor\glm\gtx</Filter>
    </ClInclude>
    <ClInclude Include="vendor\glm\glm\gtx\noise.hpp">
      <Filter>vendor\glm\gtx</Filter>
    </ClInclude>
    <ClInclude Include="vendor\glm\glm\gtx\norm.hpp">
      <Filter>vendor\glm\gtx</Filter>
    </ClInclude>
    <ClInclude Include="vendor\glm\glm\gtx\normal.hpp">
      <Filter>vendor\glm\gtx</Filter>
    </ClInclude>
    <ClInclude Include="vendor\glm\glm\gtx\normalize_dot.hpp">
      <Filter>vendor\glm\gtx</Filter>
    </ClInclude>
    <ClInclude Include="vendor\glm\glm\gtx\number_precision.hpp">
      <Filter>vendor\glm\gtx</Filter>
    </ClInclude>
    <ClInclude Include="vendor\glm\glm\gtx\optimum_pow.hpp">
      <Filter>vendor\glm\gtx</Filter>
    </ClInclude>
    <ClInclude Include="vendor\glm\glm\gtx\orthonormalize.hpp">
      <Filter>vendor\glm\gtx</Filter>
    </ClInclude>
    <ClInclude Include="vendor\glm\glm\gtx\perpendicular.hpp">
      <Filter>vendor\glm\gtx</Filter>
    </ClInclude>
    <ClInclude Include="vendor\glm\glm\gtx\polar_coordinates.hpp">
      <Filter>vendor\glm\gtx</Filter>
    </ClInclude>
    <ClInclude Include="vendor\glm\glm\gtx\projection.hpp">
      <Filter>vendor\glm\gtx</Filter>
    </ClInclude>
    <ClInclude Include="vendor\glm\glm\gtx\quaternion.hpp">
      <Filter>vendor\glm\gtx</Filter>
    </ClInclude>
    <ClInclude Include="vendor\glm\glm\gtx\random.hpp">
      <Filter>vendor\glm\gtx</Filter>
    </ClInclude>
    <ClInclude Include="vendor\glm\glm\gtx\raw_data.hpp">
      <Filter>vendor\glm\gtx</Filter>
    </ClInclude>
    <ClInclude Include="vendor\glm\glm\gtx\reciprocal.hpp">
      <Filter>vendor\glm\gtx</Filter>
    </ClInclude>
    <ClInclude Include="vendor\glm\glm\gtx\rotate_normalized_axis.hpp">
      <Filter>vendor\glm\gtx</Filter>
    </ClInclude>
    <ClInclude Include="vendor\glm\glm\gtx\rotate_vector.hpp">
      <Filter>vendor\glm\gtx</Filter>
    </ClInclude>
    <ClInclude Include="vendor\glm\glm\gtx\scalar_relational.hpp">
      <Filter>vendor\glm\gtx</Filter>
    </ClInclude>
    <ClInclude Include="vendor\glm\glm\gtx\simd_mat4.hpp">
      <Filter>vendor\glm\gtx</Filter>
    </ClInclude>
    <ClInclude Include="vendor\glm\glm\gtx\simd_quat.hpp">
      <Filter>vendor\glm\gtx</Filter>
    </ClInclude>
    <ClInclude Include="vendor\glm\glm\gtx\simd_vec4.hpp">
      <Filter>vendor\glm\gtx</Filter>
    </ClInclude>
    <ClInclude Include="vendor\glm\glm\gtx\spline.hpp">
      <Filter>vendor\glm\gtx</Filter>
    </ClInclude>
    <ClInclude Include="vendor\glm\glm\gtx\std_based_type.hpp">
      <Filter>vendor\glm\gtx</Filter>
    </ClInclude>
    <ClInclude Include="vendor\glm\glm\gtx\string_cast.hpp">
      <Filter>vendor\glm\gtx</Filter>
    </ClInclude>
    <ClInclude Include="vendor\glm\glm\gtx\transform.hpp">
      <Filter>vendor\glm\gtx</Filter>
    </ClInclude>
    <ClInclude Include="vendor\glm\glm\gtx\transform2.hpp">
      <Filter>vendor\glm\gtx</Filter>
    </ClInclude>
    <ClInclude Include="vendor\glm\glm\gtx\ulp.hpp">
      <Filter>vendor\glm\gtx</Filter>
    </ClInclude>
    <ClInclude Include="vendor\glm\glm\gtx\unsigned_int.hpp">
      <Filter>vendor\glm\gtx</Filter>
    </ClInclude>
    <ClInclude Include="vendor\glm\glm\gtx\vec1.hpp">
      <Filter>vendor\glm\gtx</Filter>
    </ClInclude>
    <ClInclude Include="vendor\glm\glm\gtx\vector_angle.hpp">
      <Filter>vendor\glm\gtx</Filter>
    </ClInclude>
    <ClInclude Include="vendor\glm\glm\gtx\vector_query.hpp">
      <Filter>vendor\glm\gtx</Filter>
    </ClInclude>
    <ClInclude Include="vendor\glm\glm\gtx\wrap.hpp">
      <Filter>vendor\glm\gtx</Filter>
    </ClInclude>
    <ClInclude Include="source\utility\container\bitwise_quadtree.h">
      <Filter>utility\container</Filter>
    </ClInclude>
    <ClInclude Include="source\utility\container\serial_task_queue.h">
      <Filter>utility\container</Filter>
    </ClInclude>
    <ClInclude Include="source\utility\container\handle_map.h">
      <Filter>utility\container</Filter>
    </ClInclude>
    <ClInclude Include="source\resource\Resource.h">
      <Filter>resource</Filter>
    </ClInclude>
    <ClInclude Include="source\render\font\FreeType.h">
      <Filter>render\font</Filter>
    </ClInclude>
    <ClInclude Include="source\resource\ResourceSource.h">
      <Filter>resource</Filter>
    </ClInclude>
    <ClInclude Include="source\resource\ResourceCache.h">
      <Filter>resource</Filter>
    </ClInclude>
    <ClInclude Include="source\resource\ResourceLoader.h">
      <Filter>resource</Filter>
    </ClInclude>
    <ClInclude Include="source\utility\container\vector_list.h">
      <Filter>utility\container</Filter>
    </ClInclude>
    <ClInclude Include="source\render\texture\Texture2D_GL.h">
      <Filter>render\texture</Filter>
    </ClInclude>
    <ClInclude Include="source\render\model\ModelImport_Assimp.h">
      <Filter>render\model</Filter>
    </ClInclude>
    <ClInclude Include="source\render\model\Mesh_GL.h">
      <Filter>render\model</Filter>
    </ClInclude>
    <ClInclude Include="source\render\model\Model_GL.h">
      <Filter>render\model</Filter>
    </ClInclude>
    <ClInclude Include="source\render\geometry\Cube.h">
      <Filter>render\geometry</Filter>
    </ClInclude>
    <ClInclude Include="source\script\ScriptManager_LuaJIT.h">
      <Filter>script</Filter>
    </ClInclude>
    <ClInclude Include="source\render\geometry\Geometry.h">
      <Filter>render\geometry</Filter>
    </ClInclude>
    <ClInclude Include="source\entity\Component.h">
      <Filter>entity</Filter>
    </ClInclude>
    <ClInclude Include="source\entity\ComponentFactory.h">
      <Filter>entity</Filter>
    </ClInclude>
    <ClInclude Include="source\entity\components.h">
      <Filter>entity</Filter>
    </ClInclude>
    <ClInclude Include="source\entity\ComponentStore.h">
      <Filter>entity</Filter>
    </ClInclude>
    <ClInclude Include="source\entity\Entity.h">
      <Filter>entity</Filter>
    </ClInclude>
    <ClInclude Include="source\entity\impl\ComponentStore-inl.h">
      <Filter>entity\impl</Filter>
    </ClInclude>
    <ClInclude Include="source\utility\memory_reserve.h">
      <Filter>utility</Filter>
    </ClInclude>
    <ClInclude Include="source\utility\export.h">
      <Filter>utility</Filter>
    </ClInclude>
    <ClInclude Include="source\api\InputSystemApi.h">
      <Filter>api</Filter>
    </ClInclude>
    <ClInclude Include="source\application\Engine.h">
      <Filter>application</Filter>
    </ClInclude>
    <ClInclude Include="source\scene\Scene.h">
      <Filter>scene</Filter>
    </ClInclude>
    <ClInclude Include="source\tools\GriffinTools.h">
      <Filter>tools</Filter>
    </ClInclude>
    <ClInclude Include="source\api\GriffinToolsApi.h">
      <Filter>api</Filter>
    </ClInclude>
    <ClInclude Include="resource.h" />
    <ClInclude Include="source\utility\container\intrusive_tree_helper.h">
      <Filter>utility\container</Filter>
    </ClInclude>
    <ClInclude Include="source\entity\EntityManager.h">
      <Filter>entity</Filter>
    </ClInclude>
    <ClInclude Include="source\scene\SceneGraph.h">
      <Filter>scene</Filter>
    </ClInclude>
    <ClInclude Include="source\entity\EntityTypedefs.h">
      <Filter>entity</Filter>
    </ClInclude>
    <ClInclude Include="source\entity\ComponentStoreSerialization.h">
      <Filter>entity</Filter>
    </ClInclude>
    <ClInclude Include="source\api\SceneApi.h">
      <Filter>api</Filter>
    </ClInclude>
    <ClInclude Include="source\application\UpdateInfo.h">
      <Filter>application</Filter>
    </ClInclude>
    <ClInclude Include="source\input\InputSystem.h">
      <Filter>input</Filter>
    </ClInclude>
    <ClInclude Include="source\game\Game.h">
      <Filter>game</Filter>
    </ClInclude>
    <ClInclude Include="source\application\applicationTypedefs.h">
      <Filter>application</Filter>
    </ClInclude>
    <ClInclude Include="source\scene\Camera.h">
      <Filter>scene</Filter>
    </ClInclude>
    <ClInclude Include="source\game\devCamera\DevCameraSystem.h">
      <Filter>game\devCamera</Filter>
    </ClInclude>
    <ClInclude Include="source\game\impl\GameImpl.h">
      <Filter>game\impl</Filter>
    </ClInclude>
    <ClInclude Include="source\game\player\PlayerControlSystem.h">
      <Filter>game\player</Filter>
    </ClInclude>
    <ClInclude Include="source\render\texture\dds.h">
      <Filter>render\texture</Filter>
    </ClInclude>
    <ClInclude Include="source\render\IndexBuffer_GL.h">
      <Filter>render\system</Filter>
    </ClInclude>
    <ClInclude Include="source\render\Render.h">
      <Filter>render\system</Filter>
    </ClInclude>
    <ClInclude Include="source\render\RenderHelpers.h">
      <Filter>render\system</Filter>
    </ClInclude>
    <ClInclude Include="source\render\RenderTarget_GL.h">
      <Filter>render\system</Filter>
    </ClInclude>
    <ClInclude Include="source\render\ShaderProgram_GL.h">
      <Filter>render\system</Filter>
    </ClInclude>
    <ClInclude Include="source\render\ShaderProgramLayouts_GL.h">
      <Filter>render\system</Filter>
    </ClInclude>
    <ClInclude Include="source\render\VertexBuffer_GL.h">
      <Filter>render\system</Filter>
    </ClInclude>
    <ClInclude Include="source\render\Material_GL.h">
      <Filter>render\system</Filter>
    </ClInclude>
    <ClInclude Include="source\render\ShaderManager_GL.h">
      <Filter>render\system</Filter>
    </ClInclude>
    <ClInclude Include="source\utility\blend.h">
      <Filter>utility</Filter>
    </ClInclude>
    <ClInclude Include="source\render\geometry\Intersection.h">
      <Filter>render\geometry</Filter>
    </ClInclude>
    <ClInclude Include="source\render\RenderResources.h">
      <Filter>render\system</Filter>
    </ClInclude>
    <ClInclude Include="source\render\RenderComponents.h">
      <Filter>render\system</Filter>
    </ClInclude>
    <ClInclude Include="source\render\ModelManager_GL.h">
      <Filter>render\system</Filter>
    </ClInclude>
    <ClInclude Include="source\render\texture\TextureCubeMap_GL.h">
      <Filter>render\texture</Filter>
    </ClInclude>
    <ClInclude Include="source\game\sky\SkySystem.h">
      <Filter>game\sky</Filter>
    </ClInclude>
  </ItemGroup>
  <ItemGroup>
    <None Include="vendor\glm\glm\gtc\constants.inl">
      <Filter>vendor\glm\gtc</Filter>
    </None>
    <None Include="vendor\glm\glm\gtc\epsilon.inl">
      <Filter>vendor\glm\gtc</Filter>
    </None>
    <None Include="vendor\glm\glm\gtc\matrix_access.inl">
      <Filter>vendor\glm\gtc</Filter>
    </None>
    <None Include="vendor\glm\glm\gtc\matrix_inverse.inl">
      <Filter>vendor\glm\gtc</Filter>
    </None>
    <None Include="vendor\glm\glm\gtc\matrix_transform.inl">
      <Filter>vendor\glm\gtc</Filter>
    </None>
    <None Include="vendor\glm\glm\gtc\noise.inl">
      <Filter>vendor\glm\gtc</Filter>
    </None>
    <None Include="vendor\glm\glm\gtc\packing.inl">
      <Filter>vendor\glm\gtc</Filter>
    </None>
    <None Include="vendor\glm\glm\gtc\quaternion.inl">
      <Filter>vendor\glm\gtc</Filter>
    </None>
    <None Include="vendor\glm\glm\gtc\random.inl">
      <Filter>vendor\glm\gtc</Filter>
    </None>
    <None Include="vendor\glm\glm\gtc\reciprocal.inl">
      <Filter>vendor\glm\gtc</Filter>
    </None>
    <None Include="vendor\glm\glm\gtc\type_precision.inl">
      <Filter>vendor\glm\gtc</Filter>
    </None>
    <None Include="vendor\glm\glm\gtc\type_ptr.inl">
      <Filter>vendor\glm\gtc</Filter>
    </None>
    <None Include="vendor\glm\glm\gtc\ulp.inl">
      <Filter>vendor\glm\gtc</Filter>
    </None>
    <None Include="vendor\glm\glm\gtx\associated_min_max.inl">
      <Filter>vendor\glm\gtx</Filter>
    </None>
    <None Include="vendor\glm\glm\gtx\bit.inl">
      <Filter>vendor\glm\gtx</Filter>
    </None>
    <None Include="vendor\glm\glm\gtx\closest_point.inl">
      <Filter>vendor\glm\gtx</Filter>
    </None>
    <None Include="vendor\glm\glm\gtx\color_space.inl">
      <Filter>vendor\glm\gtx</Filter>
    </None>
    <None Include="vendor\glm\glm\gtx\color_space_YCoCg.inl">
      <Filter>vendor\glm\gtx</Filter>
    </None>
    <None Include="vendor\glm\glm\gtx\compatibility.inl">
      <Filter>vendor\glm\gtx</Filter>
    </None>
    <None Include="vendor\glm\glm\gtx\component_wise.inl">
      <Filter>vendor\glm\gtx</Filter>
    </None>
    <None Include="vendor\glm\glm\gtx\dual_quaternion.inl">
      <Filter>vendor\glm\gtx</Filter>
    </None>
    <None Include="vendor\glm\glm\gtx\euler_angles.inl">
      <Filter>vendor\glm\gtx</Filter>
    </None>
    <None Include="vendor\glm\glm\gtx\extend.inl">
      <Filter>vendor\glm\gtx</Filter>
    </None>
    <None Include="vendor\glm\glm\gtx\extented_min_max.inl">
      <Filter>vendor\glm\gtx</Filter>
    </None>
    <None Include="vendor\glm\glm\gtx\fast_exponential.inl">
      <Filter>vendor\glm\gtx</Filter>
    </None>
    <None Include="vendor\glm\glm\gtx\fast_square_root.inl">
      <Filter>vendor\glm\gtx</Filter>
    </None>
    <None Include="vendor\glm\glm\gtx\fast_trigonometry.inl">
      <Filter>vendor\glm\gtx</Filter>
    </None>
    <None Include="vendor\glm\glm\gtx\gradient_paint.inl">
      <Filter>vendor\glm\gtx</Filter>
    </None>
    <None Include="vendor\glm\glm\gtx\handed_coordinate_space.inl">
      <Filter>vendor\glm\gtx</Filter>
    </None>
    <None Include="vendor\glm\glm\gtx\inertia.inl">
      <Filter>vendor\glm\gtx</Filter>
    </None>
    <None Include="vendor\glm\glm\gtx\int_10_10_10_2.inl">
      <Filter>vendor\glm\gtx</Filter>
    </None>
    <None Include="vendor\glm\glm\gtx\integer.inl">
      <Filter>vendor\glm\gtx</Filter>
    </None>
    <None Include="vendor\glm\glm\gtx\intersect.inl">
      <Filter>vendor\glm\gtx</Filter>
    </None>
    <None Include="vendor\glm\glm\gtx\io.inl">
      <Filter>vendor\glm\gtx</Filter>
    </None>
    <None Include="vendor\glm\glm\gtx\log_base.inl">
      <Filter>vendor\glm\gtx</Filter>
    </None>
    <None Include="vendor\glm\glm\gtx\matrix_cross_product.inl">
      <Filter>vendor\glm\gtx</Filter>
    </None>
    <None Include="vendor\glm\glm\gtx\matrix_interpolation.inl">
      <Filter>vendor\glm\gtx</Filter>
    </None>
    <None Include="vendor\glm\glm\gtx\matrix_major_storage.inl">
      <Filter>vendor\glm\gtx</Filter>
    </None>
    <None Include="vendor\glm\glm\gtx\matrix_operation.inl">
      <Filter>vendor\glm\gtx</Filter>
    </None>
    <None Include="vendor\glm\glm\gtx\matrix_query.inl">
      <Filter>vendor\glm\gtx</Filter>
    </None>
    <None Include="vendor\glm\glm\gtx\matrix_transform_2d.inl">
      <Filter>vendor\glm\gtx</Filter>
    </None>
    <None Include="vendor\glm\glm\gtx\mixed_product.inl">
      <Filter>vendor\glm\gtx</Filter>
    </None>
    <None Include="vendor\glm\glm\gtx\multiple.inl">
      <Filter>vendor\glm\gtx</Filter>
    </None>
    <None Include="vendor\glm\glm\gtx\norm.inl">
      <Filter>vendor\glm\gtx</Filter>
    </None>
    <None Include="vendor\glm\glm\gtx\normal.inl">
      <Filter>vendor\glm\gtx</Filter>
    </None>
    <None Include="vendor\glm\glm\gtx\normalize_dot.inl">
      <Filter>vendor\glm\gtx</Filter>
    </None>
    <None Include="vendor\glm\glm\gtx\number_precision.inl">
      <Filter>vendor\glm\gtx</Filter>
    </None>
    <None Include="vendor\glm\glm\gtx\optimum_pow.inl">
      <Filter>vendor\glm\gtx</Filter>
    </None>
    <None Include="vendor\glm\glm\gtx\orthonormalize.inl">
      <Filter>vendor\glm\gtx</Filter>
    </None>
    <None Include="vendor\glm\glm\gtx\perpendicular.inl">
      <Filter>vendor\glm\gtx</Filter>
    </None>
    <None Include="vendor\glm\glm\gtx\polar_coordinates.inl">
      <Filter>vendor\glm\gtx</Filter>
    </None>
    <None Include="vendor\glm\glm\gtx\projection.inl">
      <Filter>vendor\glm\gtx</Filter>
    </None>
    <None Include="vendor\glm\glm\gtx\quaternion.inl">
      <Filter>vendor\glm\gtx</Filter>
    </None>
    <None Include="vendor\glm\glm\gtx\raw_data.inl">
      <Filter>vendor\glm\gtx</Filter>
    </None>
    <None Include="vendor\glm\glm\gtx\rotate_normalized_axis.inl">
      <Filter>vendor\glm\gtx</Filter>
    </None>
    <None Include="vendor\glm\glm\gtx\rotate_vector.inl">
      <Filter>vendor\glm\gtx</Filter>
    </None>
    <None Include="vendor\glm\glm\gtx\scalar_relational.inl">
      <Filter>vendor\glm\gtx</Filter>
    </None>
    <None Include="vendor\glm\glm\gtx\simd_mat4.inl">
      <Filter>vendor\glm\gtx</Filter>
    </None>
    <None Include="vendor\glm\glm\gtx\simd_quat.inl">
      <Filter>vendor\glm\gtx</Filter>
    </None>
    <None Include="vendor\glm\glm\gtx\simd_vec4.inl">
      <Filter>vendor\glm\gtx</Filter>
    </None>
    <None Include="vendor\glm\glm\gtx\spline.inl">
      <Filter>vendor\glm\gtx</Filter>
    </None>
    <None Include="vendor\glm\glm\gtx\std_based_type.inl">
      <Filter>vendor\glm\gtx</Filter>
    </None>
    <None Include="vendor\glm\glm\gtx\string_cast.inl">
      <Filter>vendor\glm\gtx</Filter>
    </None>
    <None Include="vendor\glm\glm\gtx\transform.inl">
      <Filter>vendor\glm\gtx</Filter>
    </None>
    <None Include="vendor\glm\glm\gtx\transform2.inl">
      <Filter>vendor\glm\gtx</Filter>
    </None>
    <None Include="vendor\glm\glm\gtx\unsigned_int.inl">
      <Filter>vendor\glm\gtx</Filter>
    </None>
    <None Include="vendor\glm\glm\gtx\vec1.inl">
      <Filter>vendor\glm\gtx</Filter>
    </None>
    <None Include="vendor\glm\glm\gtx\vector_angle.inl">
      <Filter>vendor\glm\gtx</Filter>
    </None>
    <None Include="vendor\glm\glm\gtx\vector_query.inl">
      <Filter>vendor\glm\gtx</Filter>
    </None>
    <None Include="vendor\glm\glm\gtx\wrap.inl">
      <Filter>vendor\glm\gtx</Filter>
    </None>
    <None Include="source\render\shaders\Font.glsl">
      <Filter>render\shaders</Filter>
    </None>
    <None Include="source\render\shaders\linearDepth.glsl">
      <Filter>render\shaders</Filter>
    </None>
    <None Include="source\render\shaders\SimpleShader.glsl">
      <Filter>render\shaders</Filter>
    </None>
    <None Include="source\render\shaders\SkyFromSpace.glsl">
      <Filter>render\shaders</Filter>
    </None>
    <None Include="source\render\shaders\ssao.glsl">
      <Filter>render\shaders</Filter>
    </None>
    <None Include="source\render\shaders\terrain.glsl">
      <Filter>render\shaders</Filter>
    </None>
    <None Include="source\render\shaders\atmosphere\atmosphere.glsl">
      <Filter>render\shaders\atmosphere</Filter>
    </None>
    <None Include="source\render\shaders\atmosphere\common.glsli">
      <Filter>render\shaders\atmosphere</Filter>
    </None>
    <None Include="source\render\shaders\atmosphere\copyInscatter1.glsl">
      <Filter>render\shaders\atmosphere</Filter>
    </None>
    <None Include="source\render\shaders\atmosphere\copyInscatterN.glsl">
      <Filter>render\shaders\atmosphere</Filter>
    </None>
    <None Include="source\render\shaders\atmosphere\copyIrradiance.glsl">
      <Filter>render\shaders\atmosphere</Filter>
    </None>
    <None Include="source\render\shaders\atmosphere\earth.glsl">
      <Filter>render\shaders\atmosphere</Filter>
    </None>
    <None Include="source\render\shaders\atmosphere\inscatter1.glsl">
      <Filter>render\shaders\atmosphere</Filter>
    </None>
    <None Include="source\render\shaders\atmosphere\inscatterN.glsl">
      <Filter>render\shaders\atmosphere</Filter>
    </None>
    <None Include="source\render\shaders\atmosphere\inscatterS.glsl">
      <Filter>render\shaders\atmosphere</Filter>
    </None>
    <None Include="source\render\shaders\atmosphere\irradiance1.glsl">
      <Filter>render\shaders\atmosphere</Filter>
    </None>
    <None Include="source\render\shaders\atmosphere\irradianceN.glsl">
      <Filter>render\shaders\atmosphere</Filter>
    </None>
    <None Include="source\render\shaders\atmosphere\transmittance.glsl">
      <Filter>render\shaders\atmosphere</Filter>
    </None>
    <None Include="source\render\shaders\ads.glsl">
      <Filter>render\shaders</Filter>
    </None>
    <None Include="source\render\shaders\layout.glsli">
      <Filter>render\shaders</Filter>
    </None>
    <None Include="data\config\inputcontexts.json">
      <Filter>config</Filter>
    </None>
    <None Include="data\config\inputs.json">
      <Filter>config</Filter>
    </None>
    <None Include="source\utility\container\impl\bitwise_quadtree-inl.h">
      <Filter>utility\container\impl</Filter>
    </None>
    <None Include="source\utility\container\impl\concurrent_queue-inl.h">
      <Filter>utility\container\impl</Filter>
    </None>
    <None Include="source\utility\container\impl\handle_map-inl.h">
      <Filter>utility\container\impl</Filter>
    </None>
    <None Include="source\utility\container\impl\vector_queue-inl.h">
      <Filter>utility\container\impl</Filter>
    </None>
    <None Include="source\lua\InputSystem.lua">
      <Filter>lua</Filter>
    </None>
    <None Include="source\lua\luaBuild.lua">
      <Filter>lua</Filter>
    </None>
    <None Include="source\render\shaders\fxaa.glsl">
      <Filter>render\shaders</Filter>
    </None>
    <None Include="source\render\shaders\hbao.glsl">
      <Filter>render\shaders</Filter>
    </None>
    <None Include="source\render\shaders\ssao2.glsl">
      <Filter>render\shaders</Filter>
    </None>
    <None Include="source\lua\tools\ToolsServer.lua">
      <Filter>lua\tools</Filter>
    </None>
    <None Include="source\lua\initState.lua">
      <Filter>lua</Filter>
    </None>
    <None Include="source\lua\extension\copas.lua">
      <Filter>lua\extension</Filter>
    </None>
    <None Include="source\lua\extension\coxpcall.lua">
      <Filter>lua\extension</Filter>
    </None>
    <None Include="source\lua\extension\ltn12.lua">
      <Filter>lua\extension</Filter>
    </None>
    <None Include="source\lua\extension\mime.lua">
      <Filter>lua\extension</Filter>
    </None>
    <None Include="source\lua\extension\socket.lua">
      <Filter>lua\extension</Filter>
    </None>
    <None Include="source\lua\extension\copas\ftp.lua">
      <Filter>lua\extension\copas</Filter>
    </None>
    <None Include="source\lua\extension\copas\http.lua">
      <Filter>lua\extension\copas</Filter>
    </None>
    <None Include="source\lua\extension\copas\limit.lua">
      <Filter>lua\extension\copas</Filter>
    </None>
    <None Include="source\lua\extension\copas\smtp.lua">
      <Filter>lua\extension\copas</Filter>
    </None>
    <None Include="source\lua\extension\socket\ftp.lua">
      <Filter>lua\extension\socket</Filter>
    </None>
    <None Include="source\lua\extension\socket\headers.lua">
      <Filter>lua\extension\socket</Filter>
    </None>
    <None Include="source\lua\extension\socket\http.lua">
      <Filter>lua\extension\socket</Filter>
    </None>
    <None Include="source\lua\extension\socket\smtp.lua">
      <Filter>lua\extension\socket</Filter>
    </None>
    <None Include="source\lua\extension\socket\tp.lua">
      <Filter>lua\extension\socket</Filter>
    </None>
    <None Include="source\lua\extension\socket\url.lua">
      <Filter>lua\extension\socket</Filter>
    </None>
    <None Include="source\lua\extension\xavante\cgiluahandler.lua">
      <Filter>lua\extension\xavante</Filter>
    </None>
    <None Include="source\lua\extension\xavante\encoding.lua">
      <Filter>lua\extension\xavante</Filter>
    </None>
    <None Include="source\lua\extension\xavante\filehandler.lua">
      <Filter>lua\extension\xavante</Filter>
    </None>
    <None Include="source\lua\extension\xavante\httpd.lua">
      <Filter>lua\extension\xavante</Filter>
    </None>
    <None Include="source\lua\extension\xavante\indexhandler.lua">
      <Filter>lua\extension\xavante</Filter>
    </None>
    <None Include="source\lua\extension\xavante\mime.lua">
      <Filter>lua\extension\xavante</Filter>
    </None>
    <None Include="source\lua\extension\xavante\patternhandler.lua">
      <Filter>lua\extension\xavante</Filter>
    </None>
    <None Include="source\lua\extension\xavante\redirecthandler.lua">
      <Filter>lua\extension\xavante</Filter>
    </None>
    <None Include="source\lua\extension\xavante\ruleshandler.lua">
      <Filter>lua\extension\xavante</Filter>
    </None>
    <None Include="source\lua\extension\xavante\urlhandler.lua">
      <Filter>lua\extension\xavante</Filter>
    </None>
    <None Include="source\lua\extension\xavante\vhostshandler.lua">
      <Filter>lua\extension\xavante</Filter>
    </None>
    <None Include="source\lua\extension\xavante.lua">
      <Filter>lua\extension</Filter>
    </None>
    <None Include="source\lua\extension\wsapi\cgi.lua">
      <Filter>lua\extension\wsapi</Filter>
    </None>
    <None Include="source\lua\extension\wsapi\common.lua">
      <Filter>lua\extension\wsapi</Filter>
    </None>
    <None Include="source\lua\extension\wsapi\fastcgi.lua">
      <Filter>lua\extension\wsapi</Filter>
    </None>
    <None Include="source\lua\extension\wsapi\mock.lua">
      <Filter>lua\extension\wsapi</Filter>
    </None>
    <None Include="source\lua\extension\wsapi\request.lua">
      <Filter>lua\extension\wsapi</Filter>
    </None>
    <None Include="source\lua\extension\wsapi\response.lua">
      <Filter>lua\extension\wsapi</Filter>
    </None>
    <None Include="source\lua\extension\wsapi\ringer.lua">
      <Filter>lua\extension\wsapi</Filter>
    </None>
    <None Include="source\lua\extension\wsapi\sapi.lua">
      <Filter>lua\extension\wsapi</Filter>
    </None>
    <None Include="source\lua\extension\wsapi\util.lua">
      <Filter>lua\extension\wsapi</Filter>
    </None>
    <None Include="source\lua\extension\wsapi\xavante.lua">
      <Filter>lua\extension\wsapi</Filter>
    </None>
    <None Include="source\lua\extension\wsapi.lua">
      <Filter>lua\extension</Filter>
    </None>
    <None Include="scripts\tools\web\index.html">
      <Filter>lua\tools\web</Filter>
    </None>
    <None Include="scripts\tools\web\test.lp">
      <Filter>lua\tools\web</Filter>
    </None>
    <None Include="source\lua\extension\cgilua.lua">
      <Filter>lua\extension</Filter>
    </None>
    <None Include="source\lua\extension\JSON.lua">
      <Filter>lua\extension</Filter>
    </None>
    <None Include="source\lua\extension\stable.lua">
      <Filter>lua\extension</Filter>
    </None>
    <None Include="source\lua\game\gameFSM.lua">
      <Filter>lua\game</Filter>
    </None>
    <None Include="source\lua\Scene.lua">
      <Filter>lua</Filter>
    </None>
    <None Include="source\lua\tools\GriffinToolsApi.lua">
      <Filter>lua\tools</Filter>
    </None>
    <None Include="scripts\tools\web\api.lua">
      <Filter>lua\tools\web</Filter>
    </None>
    <None Include="source\lua\game\initGame.lua">
      <Filter>lua\game</Filter>
    </None>
    <None Include="source\render\shaders\skybox.glsl">
      <Filter>render\shaders</Filter>
    </None>
  </ItemGroup>
  <ItemGroup>
    <ResourceCompile Include="project-griffin.rc">
      <Filter>Resource Files</Filter>
    </ResourceCompile>
  </ItemGroup>
  <ItemGroup>
    <Image Include="icon.ico">
      <Filter>Resource Files</Filter>
    </Image>
  </ItemGroup>
</Project>