<?xml version="1.0" encoding="utf-8"?>
<Project ToolsVersion="4.0" xmlns="http://schemas.microsoft.com/developer/msbuild/2003">
  <ItemGroup>
    <Filter Include="Resource Files">
      <UniqueIdentifier>{67DA6AB6-F800-4c08-8B7A-83BB121AAD01}</UniqueIdentifier>
      <Extensions>rc;ico;cur;bmp;dlg;rc2;rct;bin;rgs;gif;jpg;jpeg;jpe;resx;tiff;tif;png;wav;mfcribbon-ms</Extensions>
    </Filter>
    <Filter Include="application">
      <UniqueIdentifier>{8be56cfd-25f3-4e11-a2a9-517dc708d9e8}</UniqueIdentifier>
    </Filter>
    <Filter Include="application\impl">
      <UniqueIdentifier>{3d22700f-947a-4c47-a98e-c58eeef231b8}</UniqueIdentifier>
    </Filter>
    <Filter Include="utility">
      <UniqueIdentifier>{811970e0-03dd-4faf-9b2d-d9421328c38d}</UniqueIdentifier>
    </Filter>
    <Filter Include="component">
      <UniqueIdentifier>{6d7e4970-d31b-403f-a97d-850df55be125}</UniqueIdentifier>
    </Filter>
    <Filter Include="shaders">
      <UniqueIdentifier>{d3dd9c5f-5897-4f68-834b-224e6befb166}</UniqueIdentifier>
    </Filter>
    <Filter Include="component\impl">
      <UniqueIdentifier>{4eadde8f-4ea1-457a-8706-7d3e88e0a766}</UniqueIdentifier>
    </Filter>
    <Filter Include="test">
      <UniqueIdentifier>{4606fcbf-46e5-4ddc-ac84-2cc2652f67ef}</UniqueIdentifier>
    </Filter>
    <Filter Include="utility\impl">
      <UniqueIdentifier>{ea34148e-c179-4a59-91c1-d1a165498389}</UniqueIdentifier>
    </Filter>
    <Filter Include="utility\profile">
      <UniqueIdentifier>{8b44e009-749b-4f36-82a5-3f17d680aa6f}</UniqueIdentifier>
    </Filter>
    <Filter Include="utility\profile\impl">
      <UniqueIdentifier>{d34f0cff-caf9-4b02-942c-f9bb4e0ea3b4}</UniqueIdentifier>
    </Filter>
    <Filter Include="resource">
      <UniqueIdentifier>{a490ab84-d58a-4be4-90f5-74fe53836ba3}</UniqueIdentifier>
    </Filter>
    <Filter Include="utility\container">
      <UniqueIdentifier>{e9384396-db7f-47b8-8d6b-c91a574b3354}</UniqueIdentifier>
    </Filter>
  </ItemGroup>
  <ItemGroup>
    <ClCompile Include="source\application\main.cpp">
      <Filter>application</Filter>
    </ClCompile>
    <ClCompile Include="source\render\Render.cpp">
      <Filter>application</Filter>
    </ClCompile>
    <ClCompile Include="source\application\impl\Timer_win32.cpp">
      <Filter>application\impl</Filter>
    </ClCompile>
    <ClCompile Include="source\component\impl\Component.cpp">
      <Filter>component\impl</Filter>
    </ClCompile>
    <ClCompile Include="source\component\impl\Entity.cpp">
      <Filter>component\impl</Filter>
    </ClCompile>
    <ClCompile Include="source\utility\profile\impl\Profile.cpp">
      <Filter>utility\profile\impl</Filter>
    </ClCompile>
  </ItemGroup>
  <ItemGroup>
    <ClInclude Include="source\application\main.h">
      <Filter>application</Filter>
    </ClInclude>
    <ClInclude Include="source\utility\enum.h">
      <Filter>utility</Filter>
    </ClInclude>
    <ClInclude Include="source\component\Entity.h">
      <Filter>component</Filter>
    </ClInclude>
    <ClInclude Include="source\component\components.h">
      <Filter>component</Filter>
    </ClInclude>
    <ClInclude Include="source\utility\reflection.h">
      <Filter>utility</Filter>
    </ClInclude>
    <ClInclude Include="source\render\Render.h">
      <Filter>application</Filter>
    </ClInclude>
    <ClInclude Include="source\component\Component.h">
      <Filter>component</Filter>
    </ClInclude>
    <ClInclude Include="source\component\ComponentStore.h">
      <Filter>component</Filter>
    </ClInclude>
    <ClInclude Include="source\utility\algorithms.h">
      <Filter>utility</Filter>
    </ClInclude>
    <ClInclude Include="source\component\ComponentFactory.h">
      <Filter>component</Filter>
    </ClInclude>
    <ClInclude Include="source\utility\concurrent_queue.h">
      <Filter>utility</Filter>
    </ClInclude>
    <ClInclude Include="source\utility\concurrency.h">
      <Filter>utility</Filter>
    </ClInclude>
    <ClInclude Include="source\utility\JsonSerializer.h">
      <Filter>utility</Filter>
    </ClInclude>
    <ClInclude Include="source\utility\prettyprint.h">
      <Filter>utility</Filter>
    </ClInclude>
    <ClInclude Include="source\application\Timer.h">
      <Filter>application</Filter>
    </ClInclude>
    <ClInclude Include="source\test\Test.h">
      <Filter>test</Filter>
    </ClInclude>
    <ClInclude Include="source\component\SlotMap.h">
      <Filter>component</Filter>
    </ClInclude>
    <ClInclude Include="source\component\impl\SlotMap.inl">
      <Filter>component\impl</Filter>
    </ClInclude>
    <ClInclude Include="source\component\impl\ComponentStore.inl">
      <Filter>component\impl</Filter>
    </ClInclude>
    <ClInclude Include="source\utility\serial_task_queue.h">
      <Filter>utility</Filter>
    </ClInclude>
    <ClInclude Include="source\utility\auto_lister.h">
      <Filter>utility</Filter>
    </ClInclude>
    <ClInclude Include="source\utility\profile\Profile.h">
      <Filter>utility\profile</Filter>
    </ClInclude>
    <ClInclude Include="source\utility\profile\ProfileAggregate.h">
      <Filter>utility\profile</Filter>
    </ClInclude>
    <ClInclude Include="source\utility\container\lru_cache.h">
      <Filter>utility\container</Filter>
    </ClInclude>
  </ItemGroup>
  <ItemGroup>
    <None Include="data\shaders\SimpleVertexShader.glsl">
      <Filter>shaders</Filter>
    </None>
    <None Include="data\shaders\SimpleFragmentShader.glsl">
      <Filter>shaders</Filter>
    </None>
  </ItemGroup>
</Project>